// !$*UTF8*$!
{
	archiveVersion = 1;
	classes = {
	};
	objectVersion = 52;
	objects = {

/* Begin PBXBuildFile section */
		42DC250427BD487100639D5F /* KeyboardShortcuts in Frameworks */ = {isa = PBXBuildFile; productRef = 42DC250327BD487100639D5F /* KeyboardShortcuts */; };
		447B1DF9236795F100587E3A /* MainController.swift in Sources */ = {isa = PBXBuildFile; fileRef = 447B1DF8236795F100587E3A /* MainController.swift */; };
		449F396A2317247B008A0DBD /* AppDelegate.swift in Sources */ = {isa = PBXBuildFile; fileRef = 449F39692317247B008A0DBD /* AppDelegate.swift */; };
		449F396C2317247C008A0DBD /* Assets.xcassets in Resources */ = {isa = PBXBuildFile; fileRef = 449F396B2317247C008A0DBD /* Assets.xcassets */; };
		449F397C23172ADC008A0DBD /* Controllers.storyboard in Resources */ = {isa = PBXBuildFile; fileRef = 449F397B23172ADC008A0DBD /* Controllers.storyboard */; };
		449F398323173003008A0DBD /* Preferences.swift in Sources */ = {isa = PBXBuildFile; fileRef = 449F398223173003008A0DBD /* Preferences.swift */; };
		449F398D23173610008A0DBD /* SettingsController.swift in Sources */ = {isa = PBXBuildFile; fileRef = 449F398C23173610008A0DBD /* SettingsController.swift */; };
		449F39932317375C008A0DBD /* Localizable.strings in Resources */ = {isa = PBXBuildFile; fileRef = 449F39952317375C008A0DBD /* Localizable.strings */; };
		44D551E02390830E0065505A /* SharedFileList.m in Sources */ = {isa = PBXBuildFile; fileRef = 44D551DE2390830E0065505A /* SharedFileList.m */; };
		44EB8BD923AC2ABD005A4A0B /* TouchBarController.swift in Sources */ = {isa = PBXBuildFile; fileRef = 44EB8BD723AC2ABD005A4A0B /* TouchBarController.swift */; };
		44EB8BDD23AC350D005A4A0B /* SettingsViewController.swift in Sources */ = {isa = PBXBuildFile; fileRef = 44EB8BDB23AC350D005A4A0B /* SettingsViewController.swift */; };
		BD391AE9263C3F5600848049 /* LaunchAtLogin in Frameworks */ = {isa = PBXBuildFile; productRef = BD391AE8263C3F5600848049 /* LaunchAtLogin */; };
/* End PBXBuildFile section */

/* Begin PBXCopyFilesBuildPhase section */
		449F398B2317354A008A0DBD /* Embed Frameworks */ = {
			isa = PBXCopyFilesBuildPhase;
			buildActionMask = 2147483647;
			dstPath = "";
			dstSubfolderSpec = 10;
			files = (
			);
			name = "Embed Frameworks";
			runOnlyForDeploymentPostprocessing = 0;
		};
/* End PBXCopyFilesBuildPhase section */

/* Begin PBXFileReference section */
		447B1DF8236795F100587E3A /* MainController.swift */ = {isa = PBXFileReference; lastKnownFileType = sourcecode.swift; path = MainController.swift; sourceTree = "<group>"; };
		449F39662317247B008A0DBD /* toggleMute.app */ = {isa = PBXFileReference; explicitFileType = wrapper.application; includeInIndex = 0; path = toggleMute.app; sourceTree = BUILT_PRODUCTS_DIR; };
		449F39692317247B008A0DBD /* AppDelegate.swift */ = {isa = PBXFileReference; lastKnownFileType = sourcecode.swift; path = AppDelegate.swift; sourceTree = "<group>"; };
		449F396B2317247C008A0DBD /* Assets.xcassets */ = {isa = PBXFileReference; lastKnownFileType = folder.assetcatalog; path = Assets.xcassets; sourceTree = "<group>"; };
		449F39702317247C008A0DBD /* Info.plist */ = {isa = PBXFileReference; lastKnownFileType = text.plist.xml; path = Info.plist; sourceTree = "<group>"; };
		449F39712317247C008A0DBD /* SettingsController.entitlements */ = {isa = PBXFileReference; lastKnownFileType = text.plist.entitlements; path = SettingsController.entitlements; sourceTree = "<group>"; };
		449F397B23172ADC008A0DBD /* Controllers.storyboard */ = {isa = PBXFileReference; fileEncoding = 4; lastKnownFileType = file.storyboard; path = Controllers.storyboard; sourceTree = "<group>"; };
		449F398223173003008A0DBD /* Preferences.swift */ = {isa = PBXFileReference; fileEncoding = 4; lastKnownFileType = sourcecode.swift; path = Preferences.swift; sourceTree = "<group>"; };
		449F398C23173610008A0DBD /* SettingsController.swift */ = {isa = PBXFileReference; fileEncoding = 4; lastKnownFileType = sourcecode.swift; path = SettingsController.swift; sourceTree = "<group>"; };
		449F39942317375C008A0DBD /* en */ = {isa = PBXFileReference; lastKnownFileType = text.plist.strings; name = en; path = en.lproj/Localizable.strings; sourceTree = "<group>"; };
		449F39962317375D008A0DBD /* fr */ = {isa = PBXFileReference; lastKnownFileType = text.plist.strings; name = fr; path = fr.lproj/Localizable.strings; sourceTree = "<group>"; };
		44D551DD2390830E0065505A /* SettingsController-Bridging-Header.h */ = {isa = PBXFileReference; lastKnownFileType = sourcecode.c.h; path = "SettingsController-Bridging-Header.h"; sourceTree = "<group>"; };
		44D551DE2390830E0065505A /* SharedFileList.m */ = {isa = PBXFileReference; fileEncoding = 4; lastKnownFileType = sourcecode.c.objc; path = SharedFileList.m; sourceTree = "<group>"; };
		44D551DF2390830E0065505A /* SharedFileList.h */ = {isa = PBXFileReference; fileEncoding = 4; lastKnownFileType = sourcecode.c.h; path = SharedFileList.h; sourceTree = "<group>"; };
		44EB8BD623AC28E3005A4A0B /* NSTouchBar-Private.h */ = {isa = PBXFileReference; lastKnownFileType = sourcecode.c.h; path = "NSTouchBar-Private.h"; sourceTree = "<group>"; };
		44EB8BD723AC2ABD005A4A0B /* TouchBarController.swift */ = {isa = PBXFileReference; lastKnownFileType = sourcecode.swift; path = TouchBarController.swift; sourceTree = "<group>"; };
		44EB8BDB23AC350D005A4A0B /* SettingsViewController.swift */ = {isa = PBXFileReference; lastKnownFileType = sourcecode.swift; path = SettingsViewController.swift; sourceTree = "<group>"; };
/* End PBXFileReference section */

/* Begin PBXFrameworksBuildPhase section */
		449F39632317247B008A0DBD /* Frameworks */ = {
			isa = PBXFrameworksBuildPhase;
			buildActionMask = 2147483647;
			files = (
				BD391AE9263C3F5600848049 /* LaunchAtLogin in Frameworks */,
				42DC250427BD487100639D5F /* KeyboardShortcuts in Frameworks */,
			);
			runOnlyForDeploymentPostprocessing = 0;
		};
/* End PBXFrameworksBuildPhase section */

/* Begin PBXGroup section */
		447B1DF7236795C100587E3A /* Controllers */ = {
			isa = PBXGroup;
			children = (
				449F398C23173610008A0DBD /* SettingsController.swift */,
				447B1DF8236795F100587E3A /* MainController.swift */,
				44EB8BDB23AC350D005A4A0B /* SettingsViewController.swift */,
				44EB8BD723AC2ABD005A4A0B /* TouchBarController.swift */,
			);
			path = Controllers;
			sourceTree = "<group>";
		};
		449F395D2317247B008A0DBD = {
			isa = PBXGroup;
			children = (
				449F39682317247B008A0DBD /* toggleMute */,
				449F39672317247B008A0DBD /* Products */,
			);
			sourceTree = "<group>";
		};
		449F39672317247B008A0DBD /* Products */ = {
			isa = PBXGroup;
			children = (
				449F39662317247B008A0DBD /* toggleMute.app */,
			);
			name = Products;
			sourceTree = "<group>";
		};
		449F39682317247B008A0DBD /* toggleMute */ = {
			isa = PBXGroup;
			children = (
				44D551DB2390818C0065505A /* Bootstrap */,
				447B1DF7236795C100587E3A /* Controllers */,
				449F397F23172AE2008A0DBD /* Resources */,
				44D551D923907B7F0065505A /* Support */,
			);
			path = toggleMute;
			sourceTree = "<group>";
		};
		449F397F23172AE2008A0DBD /* Resources */ = {
			isa = PBXGroup;
			children = (
				44D551DC239082090065505A /* Storyboard */,
				449F399023173742008A0DBD /* Localizable */,
				449F398023172AEE008A0DBD /* Assets */,
				449F39702317247C008A0DBD /* Info.plist */,
				449F39712317247C008A0DBD /* SettingsController.entitlements */,
			);
			path = Resources;
			sourceTree = "<group>";
		};
		449F398023172AEE008A0DBD /* Assets */ = {
			isa = PBXGroup;
			children = (
				449F396B2317247C008A0DBD /* Assets.xcassets */,
			);
			path = Assets;
			sourceTree = "<group>";
		};
		449F399023173742008A0DBD /* Localizable */ = {
			isa = PBXGroup;
			children = (
				449F39952317375C008A0DBD /* Localizable.strings */,
			);
			path = Localizable;
			sourceTree = "<group>";
		};
		44D551D923907B7F0065505A /* Support */ = {
			isa = PBXGroup;
			children = (
				44D551DF2390830E0065505A /* SharedFileList.h */,
				44D551DE2390830E0065505A /* SharedFileList.m */,
				449F398223173003008A0DBD /* Preferences.swift */,
				44D551DD2390830E0065505A /* SettingsController-Bridging-Header.h */,
				44EB8BD623AC28E3005A4A0B /* NSTouchBar-Private.h */,
			);
			path = Support;
			sourceTree = "<group>";
		};
		44D551DB2390818C0065505A /* Bootstrap */ = {
			isa = PBXGroup;
			children = (
				449F39692317247B008A0DBD /* AppDelegate.swift */,
			);
			path = Bootstrap;
			sourceTree = "<group>";
		};
		44D551DC239082090065505A /* Storyboard */ = {
			isa = PBXGroup;
			children = (
				449F397B23172ADC008A0DBD /* Controllers.storyboard */,
			);
			path = Storyboard;
			sourceTree = "<group>";
		};
/* End PBXGroup section */

/* Begin PBXNativeTarget section */
		449F39652317247B008A0DBD /* toggleMute */ = {
			isa = PBXNativeTarget;
			buildConfigurationList = 449F39742317247C008A0DBD /* Build configuration list for PBXNativeTarget "toggleMute" */;
			buildPhases = (
				449F39622317247B008A0DBD /* Sources */,
				449F39632317247B008A0DBD /* Frameworks */,
				449F39642317247B008A0DBD /* Resources */,
				449F398B2317354A008A0DBD /* Embed Frameworks */,
				BD391AEA263C3FB400848049 /* Run Script */,
			);
			buildRules = (
			);
			dependencies = (
			);
			name = toggleMute;
			packageProductDependencies = (
				BD391AE8263C3F5600848049 /* LaunchAtLogin */,
				42DC250327BD487100639D5F /* KeyboardShortcuts */,
			);
			productName = NootNootBar;
			productReference = 449F39662317247B008A0DBD /* toggleMute.app */;
			productType = "com.apple.product-type.application";
		};
/* End PBXNativeTarget section */

/* Begin PBXProject section */
		449F395E2317247B008A0DBD /* Project object */ = {
			isa = PBXProject;
			attributes = {
				LastSwiftUpdateCheck = 1030;
				LastUpgradeCheck = 1240;
				ORGANIZATIONNAME = "Arnaud Le Bourblanc";
				TargetAttributes = {
					449F39652317247B008A0DBD = {
						CreatedOnToolsVersion = 10.3;
						LastSwiftMigration = 1120;
					};
				};
			};
			buildConfigurationList = 449F39612317247B008A0DBD /* Build configuration list for PBXProject "toggleMute" */;
			compatibilityVersion = "Xcode 9.3";
			developmentRegion = en;
			hasScannedForEncodings = 0;
			knownRegions = (
				en,
				fr,
				Base,
			);
			mainGroup = 449F395D2317247B008A0DBD;
			packageReferences = (
				BD391AE7263C3F5600848049 /* XCRemoteSwiftPackageReference "LaunchAtLogin" */,
				42DC250227BD487100639D5F /* XCRemoteSwiftPackageReference "KeyboardShortcuts" */,
			);
			productRefGroup = 449F39672317247B008A0DBD /* Products */;
			projectDirPath = "";
			projectRoot = "";
			targets = (
				449F39652317247B008A0DBD /* toggleMute */,
			);
		};
/* End PBXProject section */

/* Begin PBXResourcesBuildPhase section */
		449F39642317247B008A0DBD /* Resources */ = {
			isa = PBXResourcesBuildPhase;
			buildActionMask = 2147483647;
			files = (
				449F396C2317247C008A0DBD /* Assets.xcassets in Resources */,
				449F39932317375C008A0DBD /* Localizable.strings in Resources */,
				449F397C23172ADC008A0DBD /* Controllers.storyboard in Resources */,
			);
			runOnlyForDeploymentPostprocessing = 0;
		};
/* End PBXResourcesBuildPhase section */

/* Begin PBXShellScriptBuildPhase section */
		BD391AEA263C3FB400848049 /* Run Script */ = {
			isa = PBXShellScriptBuildPhase;
			buildActionMask = 2147483647;
			files = (
			);
			inputFileListPaths = (
			);
			inputPaths = (
			);
			name = "Run Script";
			outputFileListPaths = (
			);
			outputPaths = (
			);
			runOnlyForDeploymentPostprocessing = 0;
			shellPath = /bin/sh;
			shellScript = "\"${BUILT_PRODUCTS_DIR}/LaunchAtLogin_LaunchAtLogin.bundle/Contents/Resources/copy-helper-swiftpm.sh\"\n";
		};
/* End PBXShellScriptBuildPhase section */

/* Begin PBXSourcesBuildPhase section */
		449F39622317247B008A0DBD /* Sources */ = {
			isa = PBXSourcesBuildPhase;
			buildActionMask = 2147483647;
			files = (
				447B1DF9236795F100587E3A /* MainController.swift in Sources */,
				44EB8BD923AC2ABD005A4A0B /* TouchBarController.swift in Sources */,
				44EB8BDD23AC350D005A4A0B /* SettingsViewController.swift in Sources */,
				44D551E02390830E0065505A /* SharedFileList.m in Sources */,
				449F396A2317247B008A0DBD /* AppDelegate.swift in Sources */,
				449F398D23173610008A0DBD /* SettingsController.swift in Sources */,
				449F398323173003008A0DBD /* Preferences.swift in Sources */,
			);
			runOnlyForDeploymentPostprocessing = 0;
		};
/* End PBXSourcesBuildPhase section */

/* Begin PBXVariantGroup section */
		449F39952317375C008A0DBD /* Localizable.strings */ = {
			isa = PBXVariantGroup;
			children = (
				449F39942317375C008A0DBD /* en */,
				449F39962317375D008A0DBD /* fr */,
			);
			name = Localizable.strings;
			sourceTree = "<group>";
		};
/* End PBXVariantGroup section */

/* Begin XCBuildConfiguration section */
		449F39722317247C008A0DBD /* Debug */ = {
			isa = XCBuildConfiguration;
			buildSettings = {
				ALWAYS_SEARCH_USER_PATHS = NO;
				CLANG_ANALYZER_LOCALIZABILITY_NONLOCALIZED = YES;
				CLANG_ANALYZER_NONNULL = YES;
				CLANG_ANALYZER_NUMBER_OBJECT_CONVERSION = YES_AGGRESSIVE;
				CLANG_CXX_LANGUAGE_STANDARD = "gnu++14";
				CLANG_CXX_LIBRARY = "libc++";
				CLANG_ENABLE_MODULES = YES;
				CLANG_ENABLE_OBJC_ARC = YES;
				CLANG_ENABLE_OBJC_WEAK = YES;
				CLANG_WARN_BLOCK_CAPTURE_AUTORELEASING = YES;
				CLANG_WARN_BOOL_CONVERSION = YES;
				CLANG_WARN_COMMA = YES;
				CLANG_WARN_CONSTANT_CONVERSION = YES;
				CLANG_WARN_DEPRECATED_OBJC_IMPLEMENTATIONS = YES;
				CLANG_WARN_DIRECT_OBJC_ISA_USAGE = YES_ERROR;
				CLANG_WARN_DOCUMENTATION_COMMENTS = YES;
				CLANG_WARN_EMPTY_BODY = YES;
				CLANG_WARN_ENUM_CONVERSION = YES;
				CLANG_WARN_INFINITE_RECURSION = YES;
				CLANG_WARN_INT_CONVERSION = YES;
				CLANG_WARN_NON_LITERAL_NULL_CONVERSION = YES;
				CLANG_WARN_OBJC_IMPLICIT_RETAIN_SELF = YES;
				CLANG_WARN_OBJC_LITERAL_CONVERSION = YES;
				CLANG_WARN_OBJC_ROOT_CLASS = YES_ERROR;
				CLANG_WARN_QUOTED_INCLUDE_IN_FRAMEWORK_HEADER = YES;
				CLANG_WARN_RANGE_LOOP_ANALYSIS = YES;
				CLANG_WARN_STRICT_PROTOTYPES = YES;
				CLANG_WARN_SUSPICIOUS_MOVE = YES;
				CLANG_WARN_UNGUARDED_AVAILABILITY = YES_AGGRESSIVE;
				CLANG_WARN_UNREACHABLE_CODE = YES;
				CLANG_WARN__DUPLICATE_METHOD_MATCH = YES;
				CODE_SIGN_IDENTITY = "Mac Developer";
				COPY_PHASE_STRIP = NO;
				DEBUG_INFORMATION_FORMAT = dwarf;
				ENABLE_STRICT_OBJC_MSGSEND = YES;
				ENABLE_TESTABILITY = YES;
				GCC_C_LANGUAGE_STANDARD = gnu11;
				GCC_DYNAMIC_NO_PIC = NO;
				GCC_NO_COMMON_BLOCKS = YES;
				GCC_OPTIMIZATION_LEVEL = 0;
				GCC_PREPROCESSOR_DEFINITIONS = (
					"DEBUG=1",
					"$(inherited)",
				);
				GCC_WARN_64_TO_32_BIT_CONVERSION = YES;
				GCC_WARN_ABOUT_RETURN_TYPE = YES_ERROR;
				GCC_WARN_UNDECLARED_SELECTOR = YES;
				GCC_WARN_UNINITIALIZED_AUTOS = YES_AGGRESSIVE;
				GCC_WARN_UNUSED_FUNCTION = YES;
				GCC_WARN_UNUSED_VARIABLE = YES;
				MACOSX_DEPLOYMENT_TARGET = 11.0;
				MTL_ENABLE_DEBUG_INFO = INCLUDE_SOURCE;
				MTL_FAST_MATH = YES;
				ONLY_ACTIVE_ARCH = YES;
				SDKROOT = macosx;
				SWIFT_ACTIVE_COMPILATION_CONDITIONS = DEBUG;
				SWIFT_OPTIMIZATION_LEVEL = "-Onone";
			};
			name = Debug;
		};
		449F39732317247C008A0DBD /* Release */ = {
			isa = XCBuildConfiguration;
			buildSettings = {
				ALWAYS_SEARCH_USER_PATHS = NO;
				CLANG_ANALYZER_LOCALIZABILITY_NONLOCALIZED = YES;
				CLANG_ANALYZER_NONNULL = YES;
				CLANG_ANALYZER_NUMBER_OBJECT_CONVERSION = YES_AGGRESSIVE;
				CLANG_CXX_LANGUAGE_STANDARD = "gnu++14";
				CLANG_CXX_LIBRARY = "libc++";
				CLANG_ENABLE_MODULES = YES;
				CLANG_ENABLE_OBJC_ARC = YES;
				CLANG_ENABLE_OBJC_WEAK = YES;
				CLANG_WARN_BLOCK_CAPTURE_AUTORELEASING = YES;
				CLANG_WARN_BOOL_CONVERSION = YES;
				CLANG_WARN_COMMA = YES;
				CLANG_WARN_CONSTANT_CONVERSION = YES;
				CLANG_WARN_DEPRECATED_OBJC_IMPLEMENTATIONS = YES;
				CLANG_WARN_DIRECT_OBJC_ISA_USAGE = YES_ERROR;
				CLANG_WARN_DOCUMENTATION_COMMENTS = YES;
				CLANG_WARN_EMPTY_BODY = YES;
				CLANG_WARN_ENUM_CONVERSION = YES;
				CLANG_WARN_INFINITE_RECURSION = YES;
				CLANG_WARN_INT_CONVERSION = YES;
				CLANG_WARN_NON_LITERAL_NULL_CONVERSION = YES;
				CLANG_WARN_OBJC_IMPLICIT_RETAIN_SELF = YES;
				CLANG_WARN_OBJC_LITERAL_CONVERSION = YES;
				CLANG_WARN_OBJC_ROOT_CLASS = YES_ERROR;
				CLANG_WARN_QUOTED_INCLUDE_IN_FRAMEWORK_HEADER = YES;
				CLANG_WARN_RANGE_LOOP_ANALYSIS = YES;
				CLANG_WARN_STRICT_PROTOTYPES = YES;
				CLANG_WARN_SUSPICIOUS_MOVE = YES;
				CLANG_WARN_UNGUARDED_AVAILABILITY = YES_AGGRESSIVE;
				CLANG_WARN_UNREACHABLE_CODE = YES;
				CLANG_WARN__DUPLICATE_METHOD_MATCH = YES;
				CODE_SIGN_IDENTITY = "Mac Developer";
				COPY_PHASE_STRIP = NO;
				DEBUG_INFORMATION_FORMAT = "dwarf-with-dsym";
				ENABLE_NS_ASSERTIONS = NO;
				ENABLE_STRICT_OBJC_MSGSEND = YES;
				GCC_C_LANGUAGE_STANDARD = gnu11;
				GCC_NO_COMMON_BLOCKS = YES;
				GCC_WARN_64_TO_32_BIT_CONVERSION = YES;
				GCC_WARN_ABOUT_RETURN_TYPE = YES_ERROR;
				GCC_WARN_UNDECLARED_SELECTOR = YES;
				GCC_WARN_UNINITIALIZED_AUTOS = YES_AGGRESSIVE;
				GCC_WARN_UNUSED_FUNCTION = YES;
				GCC_WARN_UNUSED_VARIABLE = YES;
				MACOSX_DEPLOYMENT_TARGET = 11.0;
				MTL_ENABLE_DEBUG_INFO = NO;
				MTL_FAST_MATH = YES;
				SDKROOT = macosx;
				SWIFT_COMPILATION_MODE = wholemodule;
				SWIFT_OPTIMIZATION_LEVEL = "-O";
			};
			name = Release;
		};
		449F39752317247C008A0DBD /* Debug */ = {
			isa = XCBuildConfiguration;
			buildSettings = {
				ASSETCATALOG_COMPILER_APPICON_NAME = AppIcon;
				CLANG_ENABLE_MODULES = YES;
				CODE_SIGN_ENTITLEMENTS = toggleMute/Resources/SettingsController.entitlements;
				CODE_SIGN_IDENTITY = "-";
				CODE_SIGN_STYLE = Automatic;
				COMBINE_HIDPI_IMAGES = YES;
				DEVELOPMENT_TEAM = "";
				ENABLE_HARDENED_RUNTIME = NO;
				FRAMEWORK_SEARCH_PATHS = (
					"$(inherited)",
					/System/Library/PrivateFrameworks,
				);
				INFOPLIST_FILE = "$(SRCROOT)/toggleMute/Resources/Info.plist";
				LD_RUNPATH_SEARCH_PATHS = (
					"$(inherited)",
					"@executable_path/../Frameworks",
				);
				MACOSX_DEPLOYMENT_TARGET = 10.14;
				MARKETING_VERSION = 1.3;
				OTHER_LDFLAGS = (
					"-framework",
					DFRFoundation,
				);
				PRODUCT_BUNDLE_IDENTIFIER = com.toggleMute;
				PRODUCT_NAME = "$(TARGET_NAME)";
				SWIFT_OBJC_BRIDGING_HEADER = "toggleMute/Support/SettingsController-Bridging-Header.h";
				SWIFT_OPTIMIZATION_LEVEL = "-Onone";
				SWIFT_VERSION = 5.0;
			};
			name = Debug;
		};
		449F39762317247C008A0DBD /* Release */ = {
			isa = XCBuildConfiguration;
			buildSettings = {
				ASSETCATALOG_COMPILER_APPICON_NAME = AppIcon;
				CLANG_ENABLE_MODULES = YES;
				CODE_SIGN_ENTITLEMENTS = toggleMute/Resources/SettingsController.entitlements;
				CODE_SIGN_IDENTITY = "-";
				CODE_SIGN_STYLE = Automatic;
				COMBINE_HIDPI_IMAGES = YES;
				DEVELOPMENT_TEAM = "";
				ENABLE_HARDENED_RUNTIME = NO;
				FRAMEWORK_SEARCH_PATHS = (
					"$(inherited)",
					/System/Library/PrivateFrameworks,
				);
				INFOPLIST_FILE = "$(SRCROOT)/toggleMute/Resources/Info.plist";
				LD_RUNPATH_SEARCH_PATHS = (
					"$(inherited)",
					"@executable_path/../Frameworks",
				);
				MACOSX_DEPLOYMENT_TARGET = 10.14;
				MARKETING_VERSION = 1.3;
				OTHER_LDFLAGS = (
					"-framework",
					DFRFoundation,
				);
				PRODUCT_BUNDLE_IDENTIFIER = com.toggleMute;
				PRODUCT_NAME = "$(TARGET_NAME)";
				SWIFT_OBJC_BRIDGING_HEADER = "toggleMute/Support/SettingsController-Bridging-Header.h";
				SWIFT_VERSION = 5.0;
			};
			name = Release;
		};
/* End XCBuildConfiguration section */

/* Begin XCConfigurationList section */
		449F39612317247B008A0DBD /* Build configuration list for PBXProject "toggleMute" */ = {
			isa = XCConfigurationList;
			buildConfigurations = (
				449F39722317247C008A0DBD /* Debug */,
				449F39732317247C008A0DBD /* Release */,
			);
			defaultConfigurationIsVisible = 0;
			defaultConfigurationName = Release;
		};
		449F39742317247C008A0DBD /* Build configuration list for PBXNativeTarget "toggleMute" */ = {
			isa = XCConfigurationList;
			buildConfigurations = (
				449F39752317247C008A0DBD /* Debug */,
				449F39762317247C008A0DBD /* Release */,
			);
			defaultConfigurationIsVisible = 0;
			defaultConfigurationName = Release;
		};
/* End XCConfigurationList section */

/* Begin XCRemoteSwiftPackageReference section */
		42DC250227BD487100639D5F /* XCRemoteSwiftPackageReference "KeyboardShortcuts" */ = {
			isa = XCRemoteSwiftPackageReference;
			repositoryURL = "https://github.com/sindresorhus/KeyboardShortcuts";
			requirement = {
				kind = upToNextMajorVersion;
				minimumVersion = 1.4.0;
			};
		};
		BD391AE7263C3F5600848049 /* XCRemoteSwiftPackageReference "LaunchAtLogin" */ = {
			isa = XCRemoteSwiftPackageReference;
			repositoryURL = "https://github.com/sindresorhus/LaunchAtLogin";
			requirement = {
				kind = upToNextMajorVersion;
				minimumVersion = 4.1.0;
			};
		};
/* End XCRemoteSwiftPackageReference section */

/* Begin XCSwiftPackageProductDependency section */
		42DC250327BD487100639D5F /* KeyboardShortcuts */ = {
			isa = XCSwiftPackageProductDependency;
			package = 42DC250227BD487100639D5F /* XCRemoteSwiftPackageReference "KeyboardShortcuts" */;
			productName = KeyboardShortcuts;
		};
		BD391AE8263C3F5600848049 /* LaunchAtLogin */ = {
			isa = XCSwiftPackageProductDependency;
			package = BD391AE7263C3F5600848049 /* XCRemoteSwiftPackageReference "LaunchAtLogin" */;
			productName = LaunchAtLogin;
		};
/* End XCSwiftPackageProductDependency section */
	};
	rootObject = 449F395E2317247B008A0DBD /* Project object */;
}
